
Microsoft Visual Studio Solution File, Format Version 12.00
# Visual Studio Version 16
VisualStudioVersion = 16.0.29424.173
MinimumVisualStudioVersion = 10.0.40219.1
Project("{FAE04EC0-301F-11D3-BF4B-00C04F79EFBC}") = "SimplifiedSlotMachine", "SimplifiedSlotMachine\SimplifiedSlotMachine.csproj", "{B325100E-3E85-44C6-B98F-C53484CB0725}"
EndProject
Project("{FAE04EC0-301F-11D3-BF4B-00C04F79EFBC}") = "SimplifiedSlotMachine.Domain", "SimplifiedSlotMachine.Domain\SimplifiedSlotMachine.Domain.csproj", "{B39E9E47-F8C0-4DED-8828-59A18209916F}"
EndProject
Global
	GlobalSection(SolutionConfigurationPlatforms) = preSolution
		Debug|Any CPU = Debug|Any CPU
		Release|Any CPU = Release|Any CPU
	EndGlobalSection
	GlobalSection(ProjectConfigurationPlatforms) = postSolution
		{B325100E-3E85-44C6-B98F-C53484CB0725}.Debug|Any CPU.ActiveCfg = Debug|Any CPU
		{B325100E-3E85-44C6-B98F-C53484CB0725}.Debug|Any CPU.Build.0 = Debug|Any CPU
		{B325100E-3E85-44C6-B98F-C53484CB0725}.Release|Any CPU.ActiveCfg = Release|Any CPU
		{B325100E-3E85-44C6-B98F-C53484CB0725}.Release|Any CPU.Build.0 = Release|Any CPU
		{B39E9E47-F8C0-4DED-8828-59A18209916F}.Debug|Any CPU.ActiveCfg = Debug|Any CPU
		{B39E9E47-F8C0-4DED-8828-59A18209916F}.Debug|Any CPU.Build.0 = Debug|Any CPU
		{B39E9E47-F8C0-4DED-8828-59A18209916F}.Release|Any CPU.ActiveCfg = Release|Any CPU
		{B39E9E47-F8C0-4DED-8828-59A18209916F}.Release|Any CPU.Build.0 = Release|Any CPU
	EndGlobalSection
	GlobalSection(SolutionProperties) = preSolution
		HideSolutionNode = FALSE
	EndGlobalSection
	GlobalSection(ExtensibilityGlobals) = postSolution
		SolutionGuid = {DB2FBA89-975F-4C6D-A3C7-47628949BC58}
	EndGlobalSection
EndGlobal
